
Microsoft Visual Studio Solution File, Format Version 12.00
# 
Project("{FAE04EC0-301F-11D3-BF4B-00C04F79EFBC}") = "Cinema.Api", "Cinema.Api\Cinema.Api.csproj", "{F7E851D9-442D-4587-A0F1-03B5D8A9C989}"
EndProject
Project("{FAE04EC0-301F-11D3-BF4B-00C04F79EFBC}") = "Cinema.Infrastructure", "Cinema.Infrastructure\Cinema.Infrastructure.csproj", "{81EFE043-67CE-4618-A84E-A8BD55C3476A}"
EndProject
Project("{FAE04EC0-301F-11D3-BF4B-00C04F79EFBC}") = "Cinema.Application", "Cinema.Application\Cinema.Application.csproj", "{8D4A597B-11A3-4DA8-B431-3685E5C6DC91}"
EndProject
Project("{FAE04EC0-301F-11D3-BF4B-00C04F79EFBC}") = "Cinema.Domain", "Cinema.Domain\Cinema.Domain.csproj", "{0028E3AB-96C8-4F97-BAF4-01DCAC6BD15C}"
EndProject
Project("{2150E333-8FDC-42A3-9474-1A3956D46DE8}") = "Solution Items", "Solution Items", "{375AD548-DCDF-4356-85E9-2078CE1EDD7C}"
	ProjectSection(SolutionItems) = preProject
		compose.yaml = compose.yaml
	EndProjectSection
EndProject
Project("{FAE04EC0-301F-11D3-BF4B-00C04F79EFBC}") = "Cinema.Tests", "Cinema.Tests\Cinema.Tests.csproj", "{2CDF2D2F-12C4-4EAA-8855-F4FACEB4870F}"
EndProject
Global
	GlobalSection(SolutionConfigurationPlatforms) = preSolution
		Debug|Any CPU = Debug|Any CPU
		Release|Any CPU = Release|Any CPU
	EndGlobalSection
	GlobalSection(ProjectConfigurationPlatforms) = postSolution
		{F7E851D9-442D-4587-A0F1-03B5D8A9C989}.Debug|Any CPU.ActiveCfg = Debug|Any CPU
		{F7E851D9-442D-4587-A0F1-03B5D8A9C989}.Debug|Any CPU.Build.0 = Debug|Any CPU
		{F7E851D9-442D-4587-A0F1-03B5D8A9C989}.Release|Any CPU.ActiveCfg = Release|Any CPU
		{F7E851D9-442D-4587-A0F1-03B5D8A9C989}.Release|Any CPU.Build.0 = Release|Any CPU
		{81EFE043-67CE-4618-A84E-A8BD55C3476A}.Debug|Any CPU.ActiveCfg = Debug|Any CPU
		{81EFE043-67CE-4618-A84E-A8BD55C3476A}.Debug|Any CPU.Build.0 = Debug|Any CPU
		{81EFE043-67CE-4618-A84E-A8BD55C3476A}.Release|Any CPU.ActiveCfg = Release|Any CPU
		{81EFE043-67CE-4618-A84E-A8BD55C3476A}.Release|Any CPU.Build.0 = Release|Any CPU
		{8D4A597B-11A3-4DA8-B431-3685E5C6DC91}.Debug|Any CPU.ActiveCfg = Debug|Any CPU
		{8D4A597B-11A3-4DA8-B431-3685E5C6DC91}.Debug|Any CPU.Build.0 = Debug|Any CPU
		{8D4A597B-11A3-4DA8-B431-3685E5C6DC91}.Release|Any CPU.ActiveCfg = Release|Any CPU
		{8D4A597B-11A3-4DA8-B431-3685E5C6DC91}.Release|Any CPU.Build.0 = Release|Any CPU
		{0028E3AB-96C8-4F97-BAF4-01DCAC6BD15C}.Debug|Any CPU.ActiveCfg = Debug|Any CPU
		{0028E3AB-96C8-4F97-BAF4-01DCAC6BD15C}.Debug|Any CPU.Build.0 = Debug|Any CPU
		{0028E3AB-96C8-4F97-BAF4-01DCAC6BD15C}.Release|Any CPU.ActiveCfg = Release|Any CPU
		{0028E3AB-96C8-4F97-BAF4-01DCAC6BD15C}.Release|Any CPU.Build.0 = Release|Any CPU
		{2CDF2D2F-12C4-4EAA-8855-F4FACEB4870F}.Debug|Any CPU.ActiveCfg = Debug|Any CPU
		{2CDF2D2F-12C4-4EAA-8855-F4FACEB4870F}.Debug|Any CPU.Build.0 = Debug|Any CPU
		{2CDF2D2F-12C4-4EAA-8855-F4FACEB4870F}.Release|Any CPU.ActiveCfg = Release|Any CPU
		{2CDF2D2F-12C4-4EAA-8855-F4FACEB4870F}.Release|Any CPU.Build.0 = Release|Any CPU
	EndGlobalSection
EndGlobal
